
Microsoft Visual Studio Solution File, Format Version 12.00
# Visual Studio Version 17
VisualStudioVersion = 17.3.32825.248
MinimumVisualStudioVersion = 10.0.40219.1
Project("{FAE04EC0-301F-11D3-BF4B-00C04F79EFBC}") = "Comand", "Comand\Comand.csproj", "{08647A70-EA61-4284-B076-58E98506BDD1}"
EndProject
Project("{FAE04EC0-301F-11D3-BF4B-00C04F79EFBC}") = "Comands", "Comands\Comands.csproj", "{F3B52BCC-A4DD-4EE1-8B69-EF020C399E1F}"
EndProject
Project("{FAE04EC0-301F-11D3-BF4B-00C04F79EFBC}") = "Program", "Program\Program.csproj", "{0392BA71-BE18-4C61-870F-99FD9C00CA47}"
EndProject
Global
	GlobalSection(SolutionConfigurationPlatforms) = preSolution
		Debug|Any CPU = Debug|Any CPU
		Release|Any CPU = Release|Any CPU
	EndGlobalSection
	GlobalSection(ProjectConfigurationPlatforms) = postSolution
		{08647A70-EA61-4284-B076-58E98506BDD1}.Debug|Any CPU.ActiveCfg = Debug|Any CPU
		{08647A70-EA61-4284-B076-58E98506BDD1}.Debug|Any CPU.Build.0 = Debug|Any CPU
		{08647A70-EA61-4284-B076-58E98506BDD1}.Release|Any CPU.ActiveCfg = Release|Any CPU
		{08647A70-EA61-4284-B076-58E98506BDD1}.Release|Any CPU.Build.0 = Release|Any CPU
		{F3B52BCC-A4DD-4EE1-8B69-EF020C399E1F}.Debug|Any CPU.ActiveCfg = Debug|Any CPU
		{F3B52BCC-A4DD-4EE1-8B69-EF020C399E1F}.Debug|Any CPU.Build.0 = Debug|Any CPU
		{F3B52BCC-A4DD-4EE1-8B69-EF020C399E1F}.Release|Any CPU.ActiveCfg = Release|Any CPU
		{F3B52BCC-A4DD-4EE1-8B69-EF020C399E1F}.Release|Any CPU.Build.0 = Release|Any CPU
		{0392BA71-BE18-4C61-870F-99FD9C00CA47}.Debug|Any CPU.ActiveCfg = Debug|Any CPU
		{0392BA71-BE18-4C61-870F-99FD9C00CA47}.Debug|Any CPU.Build.0 = Debug|Any CPU
		{0392BA71-BE18-4C61-870F-99FD9C00CA47}.Release|Any CPU.ActiveCfg = Release|Any CPU
		{0392BA71-BE18-4C61-870F-99FD9C00CA47}.Release|Any CPU.Build.0 = Release|Any CPU
	EndGlobalSection
	GlobalSection(SolutionProperties) = preSolution
		HideSolutionNode = FALSE
	EndGlobalSection
	GlobalSection(ExtensibilityGlobals) = postSolution
		SolutionGuid = {C656F4F3-85F4-4910-AD28-9A8F10C1AF92}
	EndGlobalSection
EndGlobal
